{
  "name": "@so-pixel-co/css-reset",
  "version": "3.1.1",
  "lockfileVersion": 2,
  "requires": true,
  "packages": {
    "": {
      "name": "@so-pixel-co/css-reset",
      "version": "3.1.1",
      "license": "MIT",
      "dependencies": {
        "@parcel/css-cli": "^1.13.1"
      }
    },
    "node_modules/@parcel/css-cli": {
      "version": "1.13.1",
      "resolved": "https://registry.npmjs.org/@parcel/css-cli/-/css-cli-1.13.1.tgz",
      "integrity": "sha512-QjLRdLFXTsFHkjom27AKk3cRnxxEl1gR+zqfbh17PozRf4ycB+Qi9pp/yvkVNZVI0ktzsBQmA1dgTxPUj8t+FA==",
      "hasInstallScript": true,
      "dependencies": {
        "detect-libc": "^1.0.3"
      },
      "bin": {
        "parcel-css": "parcel_css"
      },
      "engines": {
        "node": ">= 12.0.0"
      },
      "funding": {
        "type": "opencollective",
        "url": "https://opencollective.com/parcel"
      },
      "optionalDependencies": {
        "@parcel/css-cli-darwin-arm64": "1.13.1",
        "@parcel/css-cli-darwin-x64": "1.13.1",
        "@parcel/css-cli-linux-arm-gnueabihf": "1.13.1",
        "@parcel/css-cli-linux-arm64-gnu": "1.13.1",
        "@parcel/css-cli-linux-arm64-musl": "1.13.1",
        "@parcel/css-cli-linux-x64-gnu": "1.13.1",
        "@parcel/css-cli-linux-x64-musl": "1.13.1",
        "@parcel/css-cli-win32-x64-msvc": "1.13.1"
      }
    },
    "node_modules/@parcel/css-cli-darwin-arm64": {
      "version": "1.13.1",
      "resolved": "https://registry.npmjs.org/@parcel/css-cli-darwin-arm64/-/css-cli-darwin-arm64-1.13.1.tgz",
      "integrity": "sha512-6ToQQ4Z5UU4RmUb28iAxR4fu0UzQpQe4guik7VF9pDwhwRL4WGMOpXJLC4eft3+P33oU/w7C2oklaRi+XU1adQ==",
      "cpu": [
        "arm64"
      ],
      "optional": true,
      "os": [
        "darwin"
      ],
      "engines": {
        "node": ">= 12.0.0"
      },
      "funding": {
        "type": "opencollective",
        "url": "https://opencollective.com/parcel"
      }
    },
    "node_modules/@parcel/css-cli-darwin-x64": {
      "version": "1.13.1",
      "resolved": "https://registry.npmjs.org/@parcel/css-cli-darwin-x64/-/css-cli-darwin-x64-1.13.1.tgz",
      "integrity": "sha512-Yj9XaRchI91YVYubzCkHmZgYkWke9Jed722xIBq6MPtzgwQE8MOLTItYn+zvRtnktLjKMnXJenyW3/1cpns8xQ==",
      "cpu": [
        "x64"
      ],
      "optional": true,
      "os": [
        "darwin"
      ],
      "engines": {
        "node": ">= 12.0.0"
      },
      "funding": {
        "type": "opencollective",
        "url": "https://opencollective.com/parcel"
      }
    },
    "node_modules/@parcel/css-cli-linux-arm-gnueabihf": {
      "version": "1.13.1",
      "resolved": "https://registry.npmjs.org/@parcel/css-cli-linux-arm-gnueabihf/-/css-cli-linux-arm-gnueabihf-1.13.1.tgz",
      "integrity": "sha512-pceUxGjWIfxOB0LqRmFU4BzV09Q1OChQtx5GgaVlUsIwVkdtwduHbV8h3wEPMNw4Uk+xdSmtGFalfEybtc/jvg==",
      "cpu": [
        "arm"
      ],
      "optional": true,
      "os": [
        "linux"
      ],
      "engines": {
        "node": ">= 12.0.0"
      },
      "funding": {
        "type": "opencollective",
        "url": "https://opencollective.com/parcel"
      }
    },
    "node_modules/@parcel/css-cli-linux-arm64-gnu": {
      "version": "1.13.1",
      "resolved": "https://registry.npmjs.org/@parcel/css-cli-linux-arm64-gnu/-/css-cli-linux-arm64-gnu-1.13.1.tgz",
      "integrity": "sha512-smVMC616/edJiT0VmLPLV5RDK6OdNAxNJqMDippVkVekBkPx508yug2qEA3sMJK2sODslmCn73+xTzIkbsyEvg==",
      "cpu": [
        "arm64"
      ],
      "optional": true,
      "os": [
        "linux"
      ],
      "engines": {
        "node": ">= 12.0.0"
      },
      "funding": {
        "type": "opencollective",
        "url": "https://opencollective.com/parcel"
      }
    },
    "node_modules/@parcel/css-cli-linux-arm64-musl": {
      "version": "1.13.1",
      "resolved": "https://registry.npmjs.org/@parcel/css-cli-linux-arm64-musl/-/css-cli-linux-arm64-musl-1.13.1.tgz",
      "integrity": "sha512-0pHJrTOBmJAdDO7+GHbCQo02W0Kx8qSk8IIuB4WGlezwUlD0UVEi0H5dNOLiW8R/TEeydGOxYEWczb8Q6z93OQ==",
      "cpu": [
        "arm64"
      ],
      "optional": true,
      "os": [
        "linux"
      ],
      "engines": {
        "node": ">= 12.0.0"
      },
      "funding": {
        "type": "opencollective",
        "url": "https://opencollective.com/parcel"
      }
    },
    "node_modules/@parcel/css-cli-linux-x64-gnu": {
      "version": "1.13.1",
      "resolved": "https://registry.npmjs.org/@parcel/css-cli-linux-x64-gnu/-/css-cli-linux-x64-gnu-1.13.1.tgz",
      "integrity": "sha512-c+mi+VzFgMMqgwKECYSkmU0ypKhWqEojyJCsxov31rho0f//Fr2bmBFG/7z1O/aRnJVRIF0NNt5Y1D8ou8Rpcg==",
      "cpu": [
        "x64"
      ],
      "optional": true,
      "os": [
        "linux"
      ],
      "engines": {
        "node": ">= 12.0.0"
      },
      "funding": {
        "type": "opencollective",
        "url": "https://opencollective.com/parcel"
      }
    },
    "node_modules/@parcel/css-cli-linux-x64-musl": {
      "version": "1.13.1",
      "resolved": "https://registry.npmjs.org/@parcel/css-cli-linux-x64-musl/-/css-cli-linux-x64-musl-1.13.1.tgz",
      "integrity": "sha512-NRXn7X4IRIo6pYlcvGJJelmlYPx1Fw+6cbV3fkWS7s5vGVGdiRCx7k/YIivbfyvu9iWZgqaqQSFi1ERdES/afw==",
      "cpu": [
        "x64"
      ],
      "optional": true,
      "os": [
        "linux"
      ],
      "engines": {
        "node": ">= 12.0.0"
      },
      "funding": {
        "type": "opencollective",
        "url": "https://opencollective.com/parcel"
      }
    },
    "node_modules/@parcel/css-cli-win32-x64-msvc": {
      "version": "1.13.1",
      "resolved": "https://registry.npmjs.org/@parcel/css-cli-win32-x64-msvc/-/css-cli-win32-x64-msvc-1.13.1.tgz",
      "integrity": "sha512-eQe988i9IC91ZxXO9H6iD4WQuhxgW+6EvgZJ8Iqz0o+xkjhNYObuzhw2F0L115uR+37hgQrNYme8QM/zUnTBNQ==",
      "cpu": [
        "x64"
      ],
      "optional": true,
      "os": [
        "win32"
      ],
      "engines": {
        "node": ">= 12.0.0"
      },
      "funding": {
        "type": "opencollective",
        "url": "https://opencollective.com/parcel"
      }
    },
    "node_modules/detect-libc": {
      "version": "1.0.3",
      "resolved": "https://registry.npmjs.org/detect-libc/-/detect-libc-1.0.3.tgz",
      "integrity": "sha1-+hN8S9aY7fVc1c0CrFWfkaTEups=",
      "bin": {
        "detect-libc": "bin/detect-libc.js"
      },
      "engines": {
        "node": ">=0.10"
      }
    }
  },
  "dependencies": {
    "@parcel/css-cli": {
      "version": "1.13.1",
      "resolved": "https://registry.npmjs.org/@parcel/css-cli/-/css-cli-1.13.1.tgz",
      "integrity": "sha512-QjLRdLFXTsFHkjom27AKk3cRnxxEl1gR+zqfbh17PozRf4ycB+Qi9pp/yvkVNZVI0ktzsBQmA1dgTxPUj8t+FA==",
      "requires": {
        "@parcel/css-cli-darwin-arm64": "1.13.1",
        "@parcel/css-cli-darwin-x64": "1.13.1",
        "@parcel/css-cli-linux-arm-gnueabihf": "1.13.1",
        "@parcel/css-cli-linux-arm64-gnu": "1.13.1",
        "@parcel/css-cli-linux-arm64-musl": "1.13.1",
        "@parcel/css-cli-linux-x64-gnu": "1.13.1",
        "@parcel/css-cli-linux-x64-musl": "1.13.1",
        "@parcel/css-cli-win32-x64-msvc": "1.13.1",
        "detect-libc": "^1.0.3"
      }
    },
    "@parcel/css-cli-darwin-arm64": {
      "version": "1.13.1",
      "resolved": "https://registry.npmjs.org/@parcel/css-cli-darwin-arm64/-/css-cli-darwin-arm64-1.13.1.tgz",
      "integrity": "sha512-6ToQQ4Z5UU4RmUb28iAxR4fu0UzQpQe4guik7VF9pDwhwRL4WGMOpXJLC4eft3+P33oU/w7C2oklaRi+XU1adQ==",
      "optional": true
    },
    "@parcel/css-cli-darwin-x64": {
      "version": "1.13.1",
      "resolved": "https://registry.npmjs.org/@parcel/css-cli-darwin-x64/-/css-cli-darwin-x64-1.13.1.tgz",
      "integrity": "sha512-Yj9XaRchI91YVYubzCkHmZgYkWke9Jed722xIBq6MPtzgwQE8MOLTItYn+zvRtnktLjKMnXJenyW3/1cpns8xQ==",
      "optional": true
    },
    "@parcel/css-cli-linux-arm-gnueabihf": {
      "version": "1.13.1",
      "resolved": "https://registry.npmjs.org/@parcel/css-cli-linux-arm-gnueabihf/-/css-cli-linux-arm-gnueabihf-1.13.1.tgz",
      "integrity": "sha512-pceUxGjWIfxOB0LqRmFU4BzV09Q1OChQtx5GgaVlUsIwVkdtwduHbV8h3wEPMNw4Uk+xdSmtGFalfEybtc/jvg==",
      "optional": true
    },
    "@parcel/css-cli-linux-arm64-gnu": {
      "version": "1.13.1",
      "resolved": "https://registry.npmjs.org/@parcel/css-cli-linux-arm64-gnu/-/css-cli-linux-arm64-gnu-1.13.1.tgz",
      "integrity": "sha512-smVMC616/edJiT0VmLPLV5RDK6OdNAxNJqMDippVkVekBkPx508yug2qEA3sMJK2sODslmCn73+xTzIkbsyEvg==",
      "optional": true
    },
    "@parcel/css-cli-linux-arm64-musl": {
      "version": "1.13.1",
      "resolved": "https://registry.npmjs.org/@parcel/css-cli-linux-arm64-musl/-/css-cli-linux-arm64-musl-1.13.1.tgz",
      "integrity": "sha512-0pHJrTOBmJAdDO7+GHbCQo02W0Kx8qSk8IIuB4WGlezwUlD0UVEi0H5dNOLiW8R/TEeydGOxYEWczb8Q6z93OQ==",
      "optional": true
    },
    "@parcel/css-cli-linux-x64-gnu": {
      "version": "1.13.1",
      "resolved": "https://registry.npmjs.org/@parcel/css-cli-linux-x64-gnu/-/css-cli-linux-x64-gnu-1.13.1.tgz",
      "integrity": "sha512-c+mi+VzFgMMqgwKECYSkmU0ypKhWqEojyJCsxov31rho0f//Fr2bmBFG/7z1O/aRnJVRIF0NNt5Y1D8ou8Rpcg==",
      "optional": true
    },
    "@parcel/css-cli-linux-x64-musl": {
      "version": "1.13.1",
      "resolved": "https://registry.npmjs.org/@parcel/css-cli-linux-x64-musl/-/css-cli-linux-x64-musl-1.13.1.tgz",
      "integrity": "sha512-NRXn7X4IRIo6pYlcvGJJelmlYPx1Fw+6cbV3fkWS7s5vGVGdiRCx7k/YIivbfyvu9iWZgqaqQSFi1ERdES/afw==",
      "optional": true
    },
    "@parcel/css-cli-win32-x64-msvc": {
      "version": "1.13.1",
      "resolved": "https://registry.npmjs.org/@parcel/css-cli-win32-x64-msvc/-/css-cli-win32-x64-msvc-1.13.1.tgz",
      "integrity": "sha512-eQe988i9IC91ZxXO9H6iD4WQuhxgW+6EvgZJ8Iqz0o+xkjhNYObuzhw2F0L115uR+37hgQrNYme8QM/zUnTBNQ==",
      "optional": true
    },
    "detect-libc": {
      "version": "1.0.3",
      "resolved": "https://registry.npmjs.org/detect-libc/-/detect-libc-1.0.3.tgz",
      "integrity": "sha1-+hN8S9aY7fVc1c0CrFWfkaTEups="
    }
  }
}
