{
  "name": "@sodesign/css-reset",
  "version": "1.0.1",
  "lockfileVersion": 2,
  "requires": true,
  "packages": {
    "": {
      "name": "@sodesign/css-reset",
      "version": "1.0.1",
      "license": "MIT",
      "dependencies": {
        "@parcel/css-cli": "^1.3.2"
      }
    },
    "node_modules/@parcel/css-cli": {
      "version": "1.3.2",
      "resolved": "https://registry.npmjs.org/@parcel/css-cli/-/css-cli-1.3.2.tgz",
      "integrity": "sha512-Lxkp8ZAndzcPFnBnpCdkjgeLOjQUIZVtk0QmzFXExlemoOyjgifIEjzOnZwsnInx0flE5FR4lw6qICmmE/gVGQ==",
      "hasInstallScript": true,
      "dependencies": {
        "detect-libc": "^1.0.3"
      },
      "bin": {
        "parcel-css": "parcel_css"
      },
      "engines": {
        "node": ">= 12.0.0"
      },
      "funding": {
        "type": "opencollective",
        "url": "https://opencollective.com/parcel"
      },
      "optionalDependencies": {
        "@parcel/css-cli-darwin-arm64": "1.3.2",
        "@parcel/css-cli-darwin-x64": "1.3.2",
        "@parcel/css-cli-linux-arm-gnueabihf": "1.3.2",
        "@parcel/css-cli-linux-arm64-gnu": "1.3.2",
        "@parcel/css-cli-linux-arm64-musl": "1.3.2",
        "@parcel/css-cli-linux-x64-gnu": "1.3.2",
        "@parcel/css-cli-linux-x64-musl": "1.3.2",
        "@parcel/css-cli-win32-x64-msvc": "1.3.2"
      }
    },
    "node_modules/@parcel/css-cli-darwin-arm64": {
      "version": "1.3.2",
      "resolved": "https://registry.npmjs.org/@parcel/css-cli-darwin-arm64/-/css-cli-darwin-arm64-1.3.2.tgz",
      "integrity": "sha512-gOI3ZwFoJ5ZANJVy8vmKwNxREg5y4oDEEhxP6iPdLBmlO4B6Hlk5bBBcASs4Ass5kpTecJ6QlLSxyFSA8ZUuNA==",
      "cpu": [
        "arm64"
      ],
      "optional": true,
      "os": [
        "darwin"
      ],
      "engines": {
        "node": ">= 12.0.0"
      },
      "funding": {
        "type": "opencollective",
        "url": "https://opencollective.com/parcel"
      }
    },
    "node_modules/@parcel/css-cli-darwin-x64": {
      "version": "1.3.2",
      "resolved": "https://registry.npmjs.org/@parcel/css-cli-darwin-x64/-/css-cli-darwin-x64-1.3.2.tgz",
      "integrity": "sha512-vRXz2PmqfpAS8nij4OqFcj1b3JLeTixCRVxk2OjXBlpe7YFh0C7v6bPv0Zy91erxokVbWgBA+/7X2WiUmglesQ==",
      "cpu": [
        "x64"
      ],
      "optional": true,
      "os": [
        "darwin"
      ],
      "engines": {
        "node": ">= 12.0.0"
      },
      "funding": {
        "type": "opencollective",
        "url": "https://opencollective.com/parcel"
      }
    },
    "node_modules/@parcel/css-cli-linux-arm-gnueabihf": {
      "version": "1.3.2",
      "resolved": "https://registry.npmjs.org/@parcel/css-cli-linux-arm-gnueabihf/-/css-cli-linux-arm-gnueabihf-1.3.2.tgz",
      "integrity": "sha512-0aRU4hdzn5Crt3ySsdBGF0C2VLLHx1ccdbZnmmqhBNwstUrazwN06domEcbmIcTBHh+AX87P1afj/k2oXiiYMQ==",
      "cpu": [
        "arm"
      ],
      "optional": true,
      "os": [
        "linux"
      ],
      "engines": {
        "node": ">= 12.0.0"
      },
      "funding": {
        "type": "opencollective",
        "url": "https://opencollective.com/parcel"
      }
    },
    "node_modules/@parcel/css-cli-linux-arm64-gnu": {
      "version": "1.3.2",
      "resolved": "https://registry.npmjs.org/@parcel/css-cli-linux-arm64-gnu/-/css-cli-linux-arm64-gnu-1.3.2.tgz",
      "integrity": "sha512-V0zlGFxc90tyXxP8vvz2ilH+oFJ5XN7ElPyNEHH84vJLKzHaTo7l9Cg1Vil1C/c1FnuPwJWGCg8ScpLd8WayOQ==",
      "cpu": [
        "arm64"
      ],
      "optional": true,
      "os": [
        "linux"
      ],
      "engines": {
        "node": ">= 12.0.0"
      },
      "funding": {
        "type": "opencollective",
        "url": "https://opencollective.com/parcel"
      }
    },
    "node_modules/@parcel/css-cli-linux-arm64-musl": {
      "version": "1.3.2",
      "resolved": "https://registry.npmjs.org/@parcel/css-cli-linux-arm64-musl/-/css-cli-linux-arm64-musl-1.3.2.tgz",
      "integrity": "sha512-hwahC5QOv/4PyPqzzt706k6s9RkZRW/2ngh/AqqVVnLWrmWqXGbtE9XmbdK7g4+4JANwFu5lN7IsoqncmqoWoQ==",
      "cpu": [
        "arm64"
      ],
      "optional": true,
      "os": [
        "linux"
      ],
      "engines": {
        "node": ">= 12.0.0"
      },
      "funding": {
        "type": "opencollective",
        "url": "https://opencollective.com/parcel"
      }
    },
    "node_modules/@parcel/css-cli-linux-x64-gnu": {
      "version": "1.3.2",
      "resolved": "https://registry.npmjs.org/@parcel/css-cli-linux-x64-gnu/-/css-cli-linux-x64-gnu-1.3.2.tgz",
      "integrity": "sha512-5PW+h99scs2vltB1f2uap7yeXJ/6lADM3Hqtgf3vOvZ4oX4vldx1C4U+X7HI7JV/uZufl6cfvhx6gD1podI3rw==",
      "cpu": [
        "x64"
      ],
      "optional": true,
      "os": [
        "linux"
      ],
      "engines": {
        "node": ">= 12.0.0"
      },
      "funding": {
        "type": "opencollective",
        "url": "https://opencollective.com/parcel"
      }
    },
    "node_modules/@parcel/css-cli-linux-x64-musl": {
      "version": "1.3.2",
      "resolved": "https://registry.npmjs.org/@parcel/css-cli-linux-x64-musl/-/css-cli-linux-x64-musl-1.3.2.tgz",
      "integrity": "sha512-tJIH0qt1Neq9VIjj1jfMEF3crAvXJ9BNNn4QqcC2cufdg6bpITn7y5R6xyrE+GUZO3pP2xY0vVAcZk/Vy3zbOw==",
      "cpu": [
        "x64"
      ],
      "optional": true,
      "os": [
        "linux"
      ],
      "engines": {
        "node": ">= 12.0.0"
      },
      "funding": {
        "type": "opencollective",
        "url": "https://opencollective.com/parcel"
      }
    },
    "node_modules/@parcel/css-cli-win32-x64-msvc": {
      "version": "1.3.2",
      "resolved": "https://registry.npmjs.org/@parcel/css-cli-win32-x64-msvc/-/css-cli-win32-x64-msvc-1.3.2.tgz",
      "integrity": "sha512-+qeqDYLOhpoluzNxLuj8pe+3+/u4/c4GBap7eoPTWC2U7wUYZ5VUSL5jvJbBFRGTiru5qZ6EHmIvF4GDZCrYfA==",
      "cpu": [
        "x64"
      ],
      "optional": true,
      "os": [
        "win32"
      ],
      "engines": {
        "node": ">= 12.0.0"
      },
      "funding": {
        "type": "opencollective",
        "url": "https://opencollective.com/parcel"
      }
    },
    "node_modules/detect-libc": {
      "version": "1.0.3",
      "resolved": "https://registry.npmjs.org/detect-libc/-/detect-libc-1.0.3.tgz",
      "integrity": "sha1-+hN8S9aY7fVc1c0CrFWfkaTEups=",
      "bin": {
        "detect-libc": "bin/detect-libc.js"
      },
      "engines": {
        "node": ">=0.10"
      }
    }
  },
  "dependencies": {
    "@parcel/css-cli": {
      "version": "1.3.2",
      "resolved": "https://registry.npmjs.org/@parcel/css-cli/-/css-cli-1.3.2.tgz",
      "integrity": "sha512-Lxkp8ZAndzcPFnBnpCdkjgeLOjQUIZVtk0QmzFXExlemoOyjgifIEjzOnZwsnInx0flE5FR4lw6qICmmE/gVGQ==",
      "requires": {
        "@parcel/css-cli-darwin-arm64": "1.3.2",
        "@parcel/css-cli-darwin-x64": "1.3.2",
        "@parcel/css-cli-linux-arm-gnueabihf": "1.3.2",
        "@parcel/css-cli-linux-arm64-gnu": "1.3.2",
        "@parcel/css-cli-linux-arm64-musl": "1.3.2",
        "@parcel/css-cli-linux-x64-gnu": "1.3.2",
        "@parcel/css-cli-linux-x64-musl": "1.3.2",
        "@parcel/css-cli-win32-x64-msvc": "1.3.2",
        "detect-libc": "^1.0.3"
      }
    },
    "@parcel/css-cli-darwin-arm64": {
      "version": "1.3.2",
      "resolved": "https://registry.npmjs.org/@parcel/css-cli-darwin-arm64/-/css-cli-darwin-arm64-1.3.2.tgz",
      "integrity": "sha512-gOI3ZwFoJ5ZANJVy8vmKwNxREg5y4oDEEhxP6iPdLBmlO4B6Hlk5bBBcASs4Ass5kpTecJ6QlLSxyFSA8ZUuNA==",
      "optional": true
    },
    "@parcel/css-cli-darwin-x64": {
      "version": "1.3.2",
      "resolved": "https://registry.npmjs.org/@parcel/css-cli-darwin-x64/-/css-cli-darwin-x64-1.3.2.tgz",
      "integrity": "sha512-vRXz2PmqfpAS8nij4OqFcj1b3JLeTixCRVxk2OjXBlpe7YFh0C7v6bPv0Zy91erxokVbWgBA+/7X2WiUmglesQ==",
      "optional": true
    },
    "@parcel/css-cli-linux-arm-gnueabihf": {
      "version": "1.3.2",
      "resolved": "https://registry.npmjs.org/@parcel/css-cli-linux-arm-gnueabihf/-/css-cli-linux-arm-gnueabihf-1.3.2.tgz",
      "integrity": "sha512-0aRU4hdzn5Crt3ySsdBGF0C2VLLHx1ccdbZnmmqhBNwstUrazwN06domEcbmIcTBHh+AX87P1afj/k2oXiiYMQ==",
      "optional": true
    },
    "@parcel/css-cli-linux-arm64-gnu": {
      "version": "1.3.2",
      "resolved": "https://registry.npmjs.org/@parcel/css-cli-linux-arm64-gnu/-/css-cli-linux-arm64-gnu-1.3.2.tgz",
      "integrity": "sha512-V0zlGFxc90tyXxP8vvz2ilH+oFJ5XN7ElPyNEHH84vJLKzHaTo7l9Cg1Vil1C/c1FnuPwJWGCg8ScpLd8WayOQ==",
      "optional": true
    },
    "@parcel/css-cli-linux-arm64-musl": {
      "version": "1.3.2",
      "resolved": "https://registry.npmjs.org/@parcel/css-cli-linux-arm64-musl/-/css-cli-linux-arm64-musl-1.3.2.tgz",
      "integrity": "sha512-hwahC5QOv/4PyPqzzt706k6s9RkZRW/2ngh/AqqVVnLWrmWqXGbtE9XmbdK7g4+4JANwFu5lN7IsoqncmqoWoQ==",
      "optional": true
    },
    "@parcel/css-cli-linux-x64-gnu": {
      "version": "1.3.2",
      "resolved": "https://registry.npmjs.org/@parcel/css-cli-linux-x64-gnu/-/css-cli-linux-x64-gnu-1.3.2.tgz",
      "integrity": "sha512-5PW+h99scs2vltB1f2uap7yeXJ/6lADM3Hqtgf3vOvZ4oX4vldx1C4U+X7HI7JV/uZufl6cfvhx6gD1podI3rw==",
      "optional": true
    },
    "@parcel/css-cli-linux-x64-musl": {
      "version": "1.3.2",
      "resolved": "https://registry.npmjs.org/@parcel/css-cli-linux-x64-musl/-/css-cli-linux-x64-musl-1.3.2.tgz",
      "integrity": "sha512-tJIH0qt1Neq9VIjj1jfMEF3crAvXJ9BNNn4QqcC2cufdg6bpITn7y5R6xyrE+GUZO3pP2xY0vVAcZk/Vy3zbOw==",
      "optional": true
    },
    "@parcel/css-cli-win32-x64-msvc": {
      "version": "1.3.2",
      "resolved": "https://registry.npmjs.org/@parcel/css-cli-win32-x64-msvc/-/css-cli-win32-x64-msvc-1.3.2.tgz",
      "integrity": "sha512-+qeqDYLOhpoluzNxLuj8pe+3+/u4/c4GBap7eoPTWC2U7wUYZ5VUSL5jvJbBFRGTiru5qZ6EHmIvF4GDZCrYfA==",
      "optional": true
    },
    "detect-libc": {
      "version": "1.0.3",
      "resolved": "https://registry.npmjs.org/detect-libc/-/detect-libc-1.0.3.tgz",
      "integrity": "sha1-+hN8S9aY7fVc1c0CrFWfkaTEups="
    }
  }
}
